
Microsoft Visual Studio Solution File, Format Version 12.00
# Visual Studio Version 16
VisualStudioVersion = 16.0.809.6
MinimumVisualStudioVersion = 10.0.40219.1
Project("{FAE04EC0-301F-11D3-BF4B-00C04F79EFBC}") = "FramewFreshMV.Android", "FramewFreshMV.Android\FramewFreshMV.Android.csproj", "{069EBF6E-8703-419A-9FEE-AA029A5DBE4C}"
EndProject
Project("{FAE04EC0-301F-11D3-BF4B-00C04F79EFBC}") = "FramewFreshMV.iOS", "FramewFreshMV.iOS\FramewFreshMV.iOS.csproj", "{64B5D30B-0DF0-42DD-9C69-C7337933B133}"
EndProject
Project("{FAE04EC0-301F-11D3-BF4B-00C04F79EFBC}") = "FramewFreshMV", "FramewFreshMV\FramewFreshMV.csproj", "{00A17AC5-FD5F-4812-B4D0-F7222E3E8C67}"
EndProject
Global
	GlobalSection(SolutionConfigurationPlatforms) = preSolution
		Debug|Any CPU = Debug|Any CPU
		Release|Any CPU = Release|Any CPU
		Debug|iPhoneSimulator = Debug|iPhoneSimulator
		Release|iPhoneSimulator = Release|iPhoneSimulator
		Debug|iPhone = Debug|iPhone
		Release|iPhone = Release|iPhone
	EndGlobalSection
	GlobalSection(ProjectConfigurationPlatforms) = postSolution
		{069EBF6E-8703-419A-9FEE-AA029A5DBE4C}.Debug|Any CPU.ActiveCfg = Debug|Any CPU
		{069EBF6E-8703-419A-9FEE-AA029A5DBE4C}.Debug|Any CPU.Build.0 = Debug|Any CPU
		{069EBF6E-8703-419A-9FEE-AA029A5DBE4C}.Release|Any CPU.ActiveCfg = Release|Any CPU
		{069EBF6E-8703-419A-9FEE-AA029A5DBE4C}.Release|Any CPU.Build.0 = Release|Any CPU
		{069EBF6E-8703-419A-9FEE-AA029A5DBE4C}.Debug|iPhoneSimulator.ActiveCfg = Debug|Any CPU
		{069EBF6E-8703-419A-9FEE-AA029A5DBE4C}.Debug|iPhoneSimulator.Build.0 = Debug|Any CPU
		{069EBF6E-8703-419A-9FEE-AA029A5DBE4C}.Release|iPhoneSimulator.ActiveCfg = Release|Any CPU
		{069EBF6E-8703-419A-9FEE-AA029A5DBE4C}.Release|iPhoneSimulator.Build.0 = Release|Any CPU
		{069EBF6E-8703-419A-9FEE-AA029A5DBE4C}.Debug|iPhone.ActiveCfg = Debug|Any CPU
		{069EBF6E-8703-419A-9FEE-AA029A5DBE4C}.Debug|iPhone.Build.0 = Debug|Any CPU
		{069EBF6E-8703-419A-9FEE-AA029A5DBE4C}.Release|iPhone.ActiveCfg = Release|Any CPU
		{069EBF6E-8703-419A-9FEE-AA029A5DBE4C}.Release|iPhone.Build.0 = Release|Any CPU
		{64B5D30B-0DF0-42DD-9C69-C7337933B133}.Debug|Any CPU.ActiveCfg = Debug|iPhoneSimulator
		{64B5D30B-0DF0-42DD-9C69-C7337933B133}.Debug|Any CPU.Build.0 = Debug|iPhoneSimulator
		{64B5D30B-0DF0-42DD-9C69-C7337933B133}.Release|Any CPU.ActiveCfg = Release|iPhoneSimulator
		{64B5D30B-0DF0-42DD-9C69-C7337933B133}.Release|Any CPU.Build.0 = Release|iPhoneSimulator
		{64B5D30B-0DF0-42DD-9C69-C7337933B133}.Debug|iPhoneSimulator.ActiveCfg = Debug|iPhoneSimulator
		{64B5D30B-0DF0-42DD-9C69-C7337933B133}.Debug|iPhoneSimulator.Build.0 = Debug|iPhoneSimulator
		{64B5D30B-0DF0-42DD-9C69-C7337933B133}.Release|iPhoneSimulator.ActiveCfg = Release|iPhoneSimulator
		{64B5D30B-0DF0-42DD-9C69-C7337933B133}.Release|iPhoneSimulator.Build.0 = Release|iPhoneSimulator
		{64B5D30B-0DF0-42DD-9C69-C7337933B133}.Debug|iPhone.ActiveCfg = Debug|iPhone
		{64B5D30B-0DF0-42DD-9C69-C7337933B133}.Debug|iPhone.Build.0 = Debug|iPhone
		{64B5D30B-0DF0-42DD-9C69-C7337933B133}.Release|iPhone.ActiveCfg = Release|iPhone
		{64B5D30B-0DF0-42DD-9C69-C7337933B133}.Release|iPhone.Build.0 = Release|iPhone
		{00A17AC5-FD5F-4812-B4D0-F7222E3E8C67}.Debug|Any CPU.ActiveCfg = Debug|Any CPU
		{00A17AC5-FD5F-4812-B4D0-F7222E3E8C67}.Debug|Any CPU.Build.0 = Debug|Any CPU
		{00A17AC5-FD5F-4812-B4D0-F7222E3E8C67}.Release|Any CPU.ActiveCfg = Release|Any CPU
		{00A17AC5-FD5F-4812-B4D0-F7222E3E8C67}.Release|Any CPU.Build.0 = Release|Any CPU
		{00A17AC5-FD5F-4812-B4D0-F7222E3E8C67}.Debug|iPhoneSimulator.ActiveCfg = Debug|Any CPU
		{00A17AC5-FD5F-4812-B4D0-F7222E3E8C67}.Debug|iPhoneSimulator.Build.0 = Debug|Any CPU
		{00A17AC5-FD5F-4812-B4D0-F7222E3E8C67}.Release|iPhoneSimulator.ActiveCfg = Release|Any CPU
		{00A17AC5-FD5F-4812-B4D0-F7222E3E8C67}.Release|iPhoneSimulator.Build.0 = Release|Any CPU
		{00A17AC5-FD5F-4812-B4D0-F7222E3E8C67}.Debug|iPhone.ActiveCfg = Debug|Any CPU
		{00A17AC5-FD5F-4812-B4D0-F7222E3E8C67}.Debug|iPhone.Build.0 = Debug|Any CPU
		{00A17AC5-FD5F-4812-B4D0-F7222E3E8C67}.Release|iPhone.ActiveCfg = Release|Any CPU
		{00A17AC5-FD5F-4812-B4D0-F7222E3E8C67}.Release|iPhone.Build.0 = Release|Any CPU
	EndGlobalSection
	GlobalSection(SolutionProperties) = preSolution
		HideSolutionNode = FALSE
	EndGlobalSection
	GlobalSection(ExtensibilityGlobals) = postSolution
		SolutionGuid = {2DB8CF58-D11E-45D0-9538-2B2F5882853A}
	EndGlobalSection
EndGlobal
